// !$*UTF8*$!
{
	archiveVersion = 1;
	classes = {
	};
	objectVersion = 46;
	objects = {

/* Begin PBXBuildFile section */
		D148CD65F9FA0AEE094271ED /* Pods.framework in Frameworks */ = {isa = PBXBuildFile; fileRef = 3EFF607558286453DE2722DC /* Pods.framework */; settings = {ATTRIBUTES = (Weak, ); }; };
		ECB4E7A41BAF96D40047641A /* ProduceOs.xcworkspace in Resources */ = {isa = PBXBuildFile; fileRef = ECB4E7A11BAF96D40047641A /* ProduceOs.xcworkspace */; };
		ECB4E7A51BAF96D40047641A /* Podfile.lock in Resources */ = {isa = PBXBuildFile; fileRef = ECB4E7A21BAF96D40047641A /* Podfile.lock */; };
		ECB4E7A61BAF96D40047641A /* Podfile in Resources */ = {isa = PBXBuildFile; fileRef = ECB4E7A31BAF96D40047641A /* Podfile */; };
		ECB4E7A91BAFB3AB0047641A /* Price.swift in Sources */ = {isa = PBXBuildFile; fileRef = ECB4E7A81BAFB3AB0047641A /* Price.swift */; };
		ECC4B3101BA7E8770001DEFF /* AppDelegate.swift in Sources */ = {isa = PBXBuildFile; fileRef = ECC4B30F1BA7E8770001DEFF /* AppDelegate.swift */; };
		ECC4B3121BA7E8770001DEFF /* PricesController.swift in Sources */ = {isa = PBXBuildFile; fileRef = ECC4B3111BA7E8770001DEFF /* PricesController.swift */; };
		ECC4B3141BA7E8770001DEFF /* SalesController.swift in Sources */ = {isa = PBXBuildFile; fileRef = ECC4B3131BA7E8770001DEFF /* SalesController.swift */; };
		ECC4B3171BA7E8770001DEFF /* Main.storyboard in Resources */ = {isa = PBXBuildFile; fileRef = ECC4B3151BA7E8770001DEFF /* Main.storyboard */; };
		ECC4B3191BA7E8770001DEFF /* Assets.xcassets in Resources */ = {isa = PBXBuildFile; fileRef = ECC4B3181BA7E8770001DEFF /* Assets.xcassets */; };
		ECC4B31C1BA7E8770001DEFF /* LaunchScreen.storyboard in Resources */ = {isa = PBXBuildFile; fileRef = ECC4B31A1BA7E8770001DEFF /* LaunchScreen.storyboard */; };
		ECC4B3271BA7E8770001DEFF /* ProduceOsTests.swift in Sources */ = {isa = PBXBuildFile; fileRef = ECC4B3261BA7E8770001DEFF /* ProduceOsTests.swift */; };
		ECC4B3321BA7E8770001DEFF /* ProduceOsUITests.swift in Sources */ = {isa = PBXBuildFile; fileRef = ECC4B3311BA7E8770001DEFF /* ProduceOsUITests.swift */; };
/* End PBXBuildFile section */

/* Begin PBXContainerItemProxy section */
		ECC4B3231BA7E8770001DEFF /* PBXContainerItemProxy */ = {
			isa = PBXContainerItemProxy;
			containerPortal = ECC4B3041BA7E8770001DEFF /* Project object */;
			proxyType = 1;
			remoteGlobalIDString = ECC4B30B1BA7E8770001DEFF;
			remoteInfo = ProduceOs;
		};
		ECC4B32E1BA7E8770001DEFF /* PBXContainerItemProxy */ = {
			isa = PBXContainerItemProxy;
			containerPortal = ECC4B3041BA7E8770001DEFF /* Project object */;
			proxyType = 1;
			remoteGlobalIDString = ECC4B30B1BA7E8770001DEFF;
			remoteInfo = ProduceOs;
		};
/* End PBXContainerItemProxy section */

/* Begin PBXFileReference section */
		3EFF607558286453DE2722DC /* Pods.framework */ = {isa = PBXFileReference; explicitFileType = wrapper.framework; includeInIndex = 0; path = Pods.framework; sourceTree = BUILT_PRODUCTS_DIR; };
		57F92C8ABFE0ED16F233D819 /* Pods.release.xcconfig */ = {isa = PBXFileReference; includeInIndex = 1; lastKnownFileType = text.xcconfig; name = Pods.release.xcconfig; path = "Pods/Target Support Files/Pods/Pods.release.xcconfig"; sourceTree = "<group>"; };
		6B3D8DFF90D445FEA95FB600 /* Pods.debug.xcconfig */ = {isa = PBXFileReference; includeInIndex = 1; lastKnownFileType = text.xcconfig; name = Pods.debug.xcconfig; path = "Pods/Target Support Files/Pods/Pods.debug.xcconfig"; sourceTree = "<group>"; };
		ECB4E7A11BAF96D40047641A /* ProduceOs.xcworkspace */ = {isa = PBXFileReference; lastKnownFileType = wrapper.workspace; path = ProduceOs.xcworkspace; sourceTree = "<group>"; };
		ECB4E7A21BAF96D40047641A /* Podfile.lock */ = {isa = PBXFileReference; fileEncoding = 4; lastKnownFileType = text; path = Podfile.lock; sourceTree = "<group>"; };
		ECB4E7A31BAF96D40047641A /* Podfile */ = {isa = PBXFileReference; fileEncoding = 4; lastKnownFileType = text; path = Podfile; sourceTree = "<group>"; };
		ECB4E7A81BAFB3AB0047641A /* Price.swift */ = {isa = PBXFileReference; fileEncoding = 4; lastKnownFileType = sourcecode.swift; path = Price.swift; sourceTree = "<group>"; };
		ECC4B30C1BA7E8770001DEFF /* ProduceOs.app */ = {isa = PBXFileReference; explicitFileType = wrapper.application; includeInIndex = 0; path = ProduceOs.app; sourceTree = BUILT_PRODUCTS_DIR; };
		ECC4B30F1BA7E8770001DEFF /* AppDelegate.swift */ = {isa = PBXFileReference; lastKnownFileType = sourcecode.swift; path = AppDelegate.swift; sourceTree = "<group>"; };
		ECC4B3111BA7E8770001DEFF /* PricesController.swift */ = {isa = PBXFileReference; lastKnownFileType = sourcecode.swift; path = PricesController.swift; sourceTree = "<group>"; };
		ECC4B3131BA7E8770001DEFF /* SalesController.swift */ = {isa = PBXFileReference; lastKnownFileType = sourcecode.swift; path = SalesController.swift; sourceTree = "<group>"; };
		ECC4B3161BA7E8770001DEFF /* Base */ = {isa = PBXFileReference; lastKnownFileType = file.storyboard; name = Base; path = Base.lproj/Main.storyboard; sourceTree = "<group>"; };
		ECC4B3181BA7E8770001DEFF /* Assets.xcassets */ = {isa = PBXFileReference; lastKnownFileType = folder.assetcatalog; path = Assets.xcassets; sourceTree = "<group>"; };
		ECC4B31B1BA7E8770001DEFF /* Base */ = {isa = PBXFileReference; lastKnownFileType = file.storyboard; name = Base; path = Base.lproj/LaunchScreen.storyboard; sourceTree = "<group>"; };
		ECC4B31D1BA7E8770001DEFF /* Info.plist */ = {isa = PBXFileReference; lastKnownFileType = text.plist.xml; path = Info.plist; sourceTree = "<group>"; };
		ECC4B3221BA7E8770001DEFF /* ProduceOsTests.xctest */ = {isa = PBXFileReference; explicitFileType = wrapper.cfbundle; includeInIndex = 0; path = ProduceOsTests.xctest; sourceTree = BUILT_PRODUCTS_DIR; };
		ECC4B3261BA7E8770001DEFF /* ProduceOsTests.swift */ = {isa = PBXFileReference; lastKnownFileType = sourcecode.swift; path = ProduceOsTests.swift; sourceTree = "<group>"; };
		ECC4B3281BA7E8770001DEFF /* Info.plist */ = {isa = PBXFileReference; lastKnownFileType = text.plist.xml; path = Info.plist; sourceTree = "<group>"; };
		ECC4B32D1BA7E8770001DEFF /* ProduceOsUITests.xctest */ = {isa = PBXFileReference; explicitFileType = wrapper.cfbundle; includeInIndex = 0; path = ProduceOsUITests.xctest; sourceTree = BUILT_PRODUCTS_DIR; };
		ECC4B3311BA7E8770001DEFF /* ProduceOsUITests.swift */ = {isa = PBXFileReference; lastKnownFileType = sourcecode.swift; path = ProduceOsUITests.swift; sourceTree = "<group>"; };
		ECC4B3331BA7E8770001DEFF /* Info.plist */ = {isa = PBXFileReference; lastKnownFileType = text.plist.xml; path = Info.plist; sourceTree = "<group>"; };
/* End PBXFileReference section */

/* Begin PBXFrameworksBuildPhase section */
		ECC4B3091BA7E8770001DEFF /* Frameworks */ = {
			isa = PBXFrameworksBuildPhase;
			buildActionMask = 2147483647;
			files = (
				D148CD65F9FA0AEE094271ED /* Pods.framework in Frameworks */,
			);
			runOnlyForDeploymentPostprocessing = 0;
		};
		ECC4B31F1BA7E8770001DEFF /* Frameworks */ = {
			isa = PBXFrameworksBuildPhase;
			buildActionMask = 2147483647;
			files = (
			);
			runOnlyForDeploymentPostprocessing = 0;
		};
		ECC4B32A1BA7E8770001DEFF /* Frameworks */ = {
			isa = PBXFrameworksBuildPhase;
			buildActionMask = 2147483647;
			files = (
			);
			runOnlyForDeploymentPostprocessing = 0;
		};
/* End PBXFrameworksBuildPhase section */

/* Begin PBXGroup section */
		7F398B5C51448735728BE9E1 /* Frameworks */ = {
			isa = PBXGroup;
			children = (
				3EFF607558286453DE2722DC /* Pods.framework */,
			);
			name = Frameworks;
			sourceTree = "<group>";
		};
		ECB4E7A71BAFB3970047641A /* Models */ = {
			isa = PBXGroup;
			children = (
				ECB4E7A81BAFB3AB0047641A /* Price.swift */,
			);
			name = Models;
			sourceTree = "<group>";
		};
		ECC4B3031BA7E8770001DEFF = {
			isa = PBXGroup;
			children = (
				ECB4E7A71BAFB3970047641A /* Models */,
				ECB4E7A11BAF96D40047641A /* ProduceOs.xcworkspace */,
				ECB4E7A21BAF96D40047641A /* Podfile.lock */,
				ECB4E7A31BAF96D40047641A /* Podfile */,
				ECC4B30E1BA7E8770001DEFF /* ProduceOs */,
				ECC4B3251BA7E8770001DEFF /* ProduceOsTests */,
				ECC4B3301BA7E8770001DEFF /* ProduceOsUITests */,
				ECC4B30D1BA7E8770001DEFF /* Products */,
				F64DF1BC1F260E9D1CA3F40F /* Pods */,
				7F398B5C51448735728BE9E1 /* Frameworks */,
			);
			sourceTree = "<group>";
		};
		ECC4B30D1BA7E8770001DEFF /* Products */ = {
			isa = PBXGroup;
			children = (
				ECC4B30C1BA7E8770001DEFF /* ProduceOs.app */,
				ECC4B3221BA7E8770001DEFF /* ProduceOsTests.xctest */,
				ECC4B32D1BA7E8770001DEFF /* ProduceOsUITests.xctest */,
			);
			name = Products;
			sourceTree = "<group>";
		};
		ECC4B30E1BA7E8770001DEFF /* ProduceOs */ = {
			isa = PBXGroup;
			children = (
				ECC4B30F1BA7E8770001DEFF /* AppDelegate.swift */,
				ECC4B3111BA7E8770001DEFF /* PricesController.swift */,
				ECC4B3131BA7E8770001DEFF /* SalesController.swift */,
				ECC4B3151BA7E8770001DEFF /* Main.storyboard */,
				ECC4B3181BA7E8770001DEFF /* Assets.xcassets */,
				ECC4B31A1BA7E8770001DEFF /* LaunchScreen.storyboard */,
				ECC4B31D1BA7E8770001DEFF /* Info.plist */,
			);
			path = ProduceOs;
			sourceTree = "<group>";
		};
		ECC4B3251BA7E8770001DEFF /* ProduceOsTests */ = {
			isa = PBXGroup;
			children = (
				ECC4B3261BA7E8770001DEFF /* ProduceOsTests.swift */,
				ECC4B3281BA7E8770001DEFF /* Info.plist */,
			);
			path = ProduceOsTests;
			sourceTree = "<group>";
		};
		ECC4B3301BA7E8770001DEFF /* ProduceOsUITests */ = {
			isa = PBXGroup;
			children = (
				ECC4B3311BA7E8770001DEFF /* ProduceOsUITests.swift */,
				ECC4B3331BA7E8770001DEFF /* Info.plist */,
			);
			path = ProduceOsUITests;
			sourceTree = "<group>";
		};
		F64DF1BC1F260E9D1CA3F40F /* Pods */ = {
			isa = PBXGroup;
			children = (
				6B3D8DFF90D445FEA95FB600 /* Pods.debug.xcconfig */,
				57F92C8ABFE0ED16F233D819 /* Pods.release.xcconfig */,
			);
			name = Pods;
			sourceTree = "<group>";
		};
/* End PBXGroup section */

/* Begin PBXNativeTarget section */
		ECC4B30B1BA7E8770001DEFF /* ProduceOs */ = {
			isa = PBXNativeTarget;
			buildConfigurationList = ECC4B3361BA7E8770001DEFF /* Build configuration list for PBXNativeTarget "ProduceOs" */;
			buildPhases = (
				95467617C3A5319FF3CE8B11 /* Check Pods Manifest.lock */,
				ECC4B3081BA7E8770001DEFF /* Sources */,
				ECC4B3091BA7E8770001DEFF /* Frameworks */,
				ECC4B30A1BA7E8770001DEFF /* Resources */,
				9A97D6C6FF8D10FC529489BE /* Embed Pods Frameworks */,
				534D92F7947E9DDEFF3E9E1A /* Copy Pods Resources */,
			);
			buildRules = (
			);
			dependencies = (
			);
			name = ProduceOs;
			productName = ProduceOs;
			productReference = ECC4B30C1BA7E8770001DEFF /* ProduceOs.app */;
			productType = "com.apple.product-type.application";
		};
		ECC4B3211BA7E8770001DEFF /* ProduceOsTests */ = {
			isa = PBXNativeTarget;
			buildConfigurationList = ECC4B3391BA7E8770001DEFF /* Build configuration list for PBXNativeTarget "ProduceOsTests" */;
			buildPhases = (
				ECC4B31E1BA7E8770001DEFF /* Sources */,
				ECC4B31F1BA7E8770001DEFF /* Frameworks */,
				ECC4B3201BA7E8770001DEFF /* Resources */,
			);
			buildRules = (
			);
			dependencies = (
				ECC4B3241BA7E8770001DEFF /* PBXTargetDependency */,
			);
			name = ProduceOsTests;
			productName = ProduceOsTests;
			productReference = ECC4B3221BA7E8770001DEFF /* ProduceOsTests.xctest */;
			productType = "com.apple.product-type.bundle.unit-test";
		};
		ECC4B32C1BA7E8770001DEFF /* ProduceOsUITests */ = {
			isa = PBXNativeTarget;
			buildConfigurationList = ECC4B33C1BA7E8770001DEFF /* Build configuration list for PBXNativeTarget "ProduceOsUITests" */;
			buildPhases = (
				ECC4B3291BA7E8770001DEFF /* Sources */,
				ECC4B32A1BA7E8770001DEFF /* Frameworks */,
				ECC4B32B1BA7E8770001DEFF /* Resources */,
			);
			buildRules = (
			);
			dependencies = (
				ECC4B32F1BA7E8770001DEFF /* PBXTargetDependency */,
			);
			name = ProduceOsUITests;
			productName = ProduceOsUITests;
			productReference = ECC4B32D1BA7E8770001DEFF /* ProduceOsUITests.xctest */;
			productType = "com.apple.product-type.bundle.ui-testing";
		};
/* End PBXNativeTarget section */

/* Begin PBXProject section */
		ECC4B3041BA7E8770001DEFF /* Project object */ = {
			isa = PBXProject;
			attributes = {
				LastSwiftUpdateCheck = 0710;
				LastUpgradeCheck = 0710;
				ORGANIZATIONNAME = "Taras Kovtun";
				TargetAttributes = {
					ECC4B30B1BA7E8770001DEFF = {
						CreatedOnToolsVersion = 7.1;
						DevelopmentTeam = 9ERPSVNTV5;
					};
					ECC4B3211BA7E8770001DEFF = {
						CreatedOnToolsVersion = 7.1;
						DevelopmentTeam = 9ERPSVNTV5;
						TestTargetID = ECC4B30B1BA7E8770001DEFF;
					};
					ECC4B32C1BA7E8770001DEFF = {
						CreatedOnToolsVersion = 7.1;
						DevelopmentTeam = 9ERPSVNTV5;
						TestTargetID = ECC4B30B1BA7E8770001DEFF;
					};
				};
			};
			buildConfigurationList = ECC4B3071BA7E8770001DEFF /* Build configuration list for PBXProject "ProduceOs" */;
			compatibilityVersion = "Xcode 3.2";
			developmentRegion = English;
			hasScannedForEncodings = 0;
			knownRegions = (
				en,
				Base,
			);
			mainGroup = ECC4B3031BA7E8770001DEFF;
			productRefGroup = ECC4B30D1BA7E8770001DEFF /* Products */;
			projectDirPath = "";
			projectRoot = "";
			targets = (
				ECC4B30B1BA7E8770001DEFF /* ProduceOs */,
				ECC4B3211BA7E8770001DEFF /* ProduceOsTests */,
				ECC4B32C1BA7E8770001DEFF /* ProduceOsUITests */,
			);
		};
/* End PBXProject section */

/* Begin PBXResourcesBuildPhase section */
		ECC4B30A1BA7E8770001DEFF /* Resources */ = {
			isa = PBXResourcesBuildPhase;
			buildActionMask = 2147483647;
			files = (
				ECB4E7A61BAF96D40047641A /* Podfile in Resources */,
				ECC4B31C1BA7E8770001DEFF /* LaunchScreen.storyboard in Resources */,
				ECB4E7A41BAF96D40047641A /* ProduceOs.xcworkspace in Resources */,
				ECB4E7A51BAF96D40047641A /* Podfile.lock in Resources */,
				ECC4B3191BA7E8770001DEFF /* Assets.xcassets in Resources */,
				ECC4B3171BA7E8770001DEFF /* Main.storyboard in Resources */,
			);
			runOnlyForDeploymentPostprocessing = 0;
		};
		ECC4B3201BA7E8770001DEFF /* Resources */ = {
			isa = PBXResourcesBuildPhase;
			buildActionMask = 2147483647;
			files = (
			);
			runOnlyForDeploymentPostprocessing = 0;
		};
		ECC4B32B1BA7E8770001DEFF /* Resources */ = {
			isa = PBXResourcesBuildPhase;
			buildActionMask = 2147483647;
			files = (
			);
			runOnlyForDeploymentPostprocessing = 0;
		};
/* End PBXResourcesBuildPhase section */

/* Begin PBXShellScriptBuildPhase section */
		534D92F7947E9DDEFF3E9E1A /* Copy Pods Resources */ = {
			isa = PBXShellScriptBuildPhase;
			buildActionMask = 2147483647;
			files = (
			);
			inputPaths = (
			);
			name = "Copy Pods Resources";
			outputPaths = (
			);
			runOnlyForDeploymentPostprocessing = 0;
			shellPath = /bin/sh;
			shellScript = "\"${SRCROOT}/Pods/Target Support Files/Pods/Pods-resources.sh\"\n";
			showEnvVarsInLog = 0;
		};
		95467617C3A5319FF3CE8B11 /* Check Pods Manifest.lock */ = {
			isa = PBXShellScriptBuildPhase;
			buildActionMask = 2147483647;
			files = (
			);
			inputPaths = (
			);
			name = "Check Pods Manifest.lock";
			outputPaths = (
			);
			runOnlyForDeploymentPostprocessing = 0;
			shellPath = /bin/sh;
			shellScript = "diff \"${PODS_ROOT}/../Podfile.lock\" \"${PODS_ROOT}/Manifest.lock\" > /dev/null\nif [[ $? != 0 ]] ; then\n    cat << EOM\nerror: The sandbox is not in sync with the Podfile.lock. Run 'pod install' or update your CocoaPods installation.\nEOM\n    exit 1\nfi\n";
			showEnvVarsInLog = 0;
		};
		9A97D6C6FF8D10FC529489BE /* Embed Pods Frameworks */ = {
			isa = PBXShellScriptBuildPhase;
			buildActionMask = 2147483647;
			files = (
			);
			inputPaths = (
			);
			name = "Embed Pods Frameworks";
			outputPaths = (
			);
			runOnlyForDeploymentPostprocessing = 0;
			shellPath = /bin/sh;
			shellScript = "\"${SRCROOT}/Pods/Target Support Files/Pods/Pods-frameworks.sh\"\n";
			showEnvVarsInLog = 0;
		};
/* End PBXShellScriptBuildPhase section */

/* Begin PBXSourcesBuildPhase section */
		ECC4B3081BA7E8770001DEFF /* Sources */ = {
			isa = PBXSourcesBuildPhase;
			buildActionMask = 2147483647;
			files = (
				ECC4B3141BA7E8770001DEFF /* SalesController.swift in Sources */,
				ECB4E7A91BAFB3AB0047641A /* Price.swift in Sources */,
				ECC4B3101BA7E8770001DEFF /* AppDelegate.swift in Sources */,
				ECC4B3121BA7E8770001DEFF /* PricesController.swift in Sources */,
			);
			runOnlyForDeploymentPostprocessing = 0;
		};
		ECC4B31E1BA7E8770001DEFF /* Sources */ = {
			isa = PBXSourcesBuildPhase;
			buildActionMask = 2147483647;
			files = (
				ECC4B3271BA7E8770001DEFF /* ProduceOsTests.swift in Sources */,
			);
			runOnlyForDeploymentPostprocessing = 0;
		};
		ECC4B3291BA7E8770001DEFF /* Sources */ = {
			isa = PBXSourcesBuildPhase;
			buildActionMask = 2147483647;
			files = (
				ECC4B3321BA7E8770001DEFF /* ProduceOsUITests.swift in Sources */,
			);
			runOnlyForDeploymentPostprocessing = 0;
		};
/* End PBXSourcesBuildPhase section */

/* Begin PBXTargetDependency section */
		ECC4B3241BA7E8770001DEFF /* PBXTargetDependency */ = {
			isa = PBXTargetDependency;
			target = ECC4B30B1BA7E8770001DEFF /* ProduceOs */;
			targetProxy = ECC4B3231BA7E8770001DEFF /* PBXContainerItemProxy */;
		};
		ECC4B32F1BA7E8770001DEFF /* PBXTargetDependency */ = {
			isa = PBXTargetDependency;
			target = ECC4B30B1BA7E8770001DEFF /* ProduceOs */;
			targetProxy = ECC4B32E1BA7E8770001DEFF /* PBXContainerItemProxy */;
		};
/* End PBXTargetDependency section */

/* Begin PBXVariantGroup section */
		ECC4B3151BA7E8770001DEFF /* Main.storyboard */ = {
			isa = PBXVariantGroup;
			children = (
				ECC4B3161BA7E8770001DEFF /* Base */,
			);
			name = Main.storyboard;
			sourceTree = "<group>";
		};
		ECC4B31A1BA7E8770001DEFF /* LaunchScreen.storyboard */ = {
			isa = PBXVariantGroup;
			children = (
				ECC4B31B1BA7E8770001DEFF /* Base */,
			);
			name = LaunchScreen.storyboard;
			sourceTree = "<group>";
		};
/* End PBXVariantGroup section */

/* Begin XCBuildConfiguration section */
		ECC4B3341BA7E8770001DEFF /* Debug */ = {
			isa = XCBuildConfiguration;
			buildSettings = {
				ALWAYS_SEARCH_USER_PATHS = NO;
				CLANG_CXX_LANGUAGE_STANDARD = "gnu++0x";
				CLANG_CXX_LIBRARY = "libc++";
				CLANG_ENABLE_MODULES = YES;
				CLANG_ENABLE_OBJC_ARC = YES;
				CLANG_WARN_BOOL_CONVERSION = YES;
				CLANG_WARN_CONSTANT_CONVERSION = YES;
				CLANG_WARN_DIRECT_OBJC_ISA_USAGE = YES_ERROR;
				CLANG_WARN_EMPTY_BODY = YES;
				CLANG_WARN_ENUM_CONVERSION = YES;
				CLANG_WARN_INT_CONVERSION = YES;
				CLANG_WARN_OBJC_ROOT_CLASS = YES_ERROR;
				CLANG_WARN_UNREACHABLE_CODE = YES;
				CLANG_WARN__DUPLICATE_METHOD_MATCH = YES;
				"CODE_SIGN_IDENTITY[sdk=iphoneos*]" = "iPhone Developer";
				COPY_PHASE_STRIP = NO;
				DEBUG_INFORMATION_FORMAT = dwarf;
				ENABLE_STRICT_OBJC_MSGSEND = YES;
				ENABLE_TESTABILITY = YES;
				GCC_C_LANGUAGE_STANDARD = gnu99;
				GCC_DYNAMIC_NO_PIC = NO;
				GCC_NO_COMMON_BLOCKS = YES;
				GCC_OPTIMIZATION_LEVEL = 0;
				GCC_PREPROCESSOR_DEFINITIONS = (
					"DEBUG=1",
					"$(inherited)",
				);
				GCC_WARN_64_TO_32_BIT_CONVERSION = YES;
				GCC_WARN_ABOUT_RETURN_TYPE = YES_ERROR;
				GCC_WARN_UNDECLARED_SELECTOR = YES;
				GCC_WARN_UNINITIALIZED_AUTOS = YES_AGGRESSIVE;
				GCC_WARN_UNUSED_FUNCTION = YES;
				GCC_WARN_UNUSED_VARIABLE = YES;
				IPHONEOS_DEPLOYMENT_TARGET = 9.1;
				MTL_ENABLE_DEBUG_INFO = YES;
				ONLY_ACTIVE_ARCH = YES;
				SDKROOT = iphoneos;
				SWIFT_OPTIMIZATION_LEVEL = "-Onone";
				TARGETED_DEVICE_FAMILY = "1,2";
			};
			name = Debug;
		};
		ECC4B3351BA7E8770001DEFF /* Release */ = {
			isa = XCBuildConfiguration;
			buildSettings = {
				ALWAYS_SEARCH_USER_PATHS = NO;
				CLANG_CXX_LANGUAGE_STANDARD = "gnu++0x";
				CLANG_CXX_LIBRARY = "libc++";
				CLANG_ENABLE_MODULES = YES;
				CLANG_ENABLE_OBJC_ARC = YES;
				CLANG_WARN_BOOL_CONVERSION = YES;
				CLANG_WARN_CONSTANT_CONVERSION = YES;
				CLANG_WARN_DIRECT_OBJC_ISA_USAGE = YES_ERROR;
				CLANG_WARN_EMPTY_BODY = YES;
				CLANG_WARN_ENUM_CONVERSION = YES;
				CLANG_WARN_INT_CONVERSION = YES;
				CLANG_WARN_OBJC_ROOT_CLASS = YES_ERROR;
				CLANG_WARN_UNREACHABLE_CODE = YES;
				CLANG_WARN__DUPLICATE_METHOD_MATCH = YES;
				"CODE_SIGN_IDENTITY[sdk=iphoneos*]" = "iPhone Developer";
				COPY_PHASE_STRIP = NO;
				DEBUG_INFORMATION_FORMAT = "dwarf-with-dsym";
				ENABLE_NS_ASSERTIONS = NO;
				ENABLE_STRICT_OBJC_MSGSEND = YES;
				GCC_C_LANGUAGE_STANDARD = gnu99;
				GCC_NO_COMMON_BLOCKS = YES;
				GCC_WARN_64_TO_32_BIT_CONVERSION = YES;
				GCC_WARN_ABOUT_RETURN_TYPE = YES_ERROR;
				GCC_WARN_UNDECLARED_SELECTOR = YES;
				GCC_WARN_UNINITIALIZED_AUTOS = YES_AGGRESSIVE;
				GCC_WARN_UNUSED_FUNCTION = YES;
				GCC_WARN_UNUSED_VARIABLE = YES;
				IPHONEOS_DEPLOYMENT_TARGET = 9.1;
				MTL_ENABLE_DEBUG_INFO = NO;
				SDKROOT = iphoneos;
				TARGETED_DEVICE_FAMILY = "1,2";
				VALIDATE_PRODUCT = YES;
			};
			name = Release;
		};
		ECC4B3371BA7E8770001DEFF /* Debug */ = {
			isa = XCBuildConfiguration;
			baseConfigurationReference = 6B3D8DFF90D445FEA95FB600 /* Pods.debug.xcconfig */;
			buildSettings = {
				ASSETCATALOG_COMPILER_APPICON_NAME = AppIcon;
				INFOPLIST_FILE = ProduceOs/Info.plist;
				LD_RUNPATH_SEARCH_PATHS = "$(inherited) @executable_path/Frameworks";
				PRODUCT_BUNDLE_IDENTIFIER = com.github.grimcoder.ProduceOs;
				PRODUCT_NAME = "$(TARGET_NAME)";
			};
			name = Debug;
		};
		ECC4B3381BA7E8770001DEFF /* Release */ = {
			isa = XCBuildConfiguration;
			baseConfigurationReference = 57F92C8ABFE0ED16F233D819 /* Pods.release.xcconfig */;
			buildSettings = {
				ASSETCATALOG_COMPILER_APPICON_NAME = AppIcon;
				INFOPLIST_FILE = ProduceOs/Info.plist;
				LD_RUNPATH_SEARCH_PATHS = "$(inherited) @executable_path/Frameworks";
				PRODUCT_BUNDLE_IDENTIFIER = com.github.grimcoder.ProduceOs;
				PRODUCT_NAME = "$(TARGET_NAME)";
			};
			name = Release;
		};
		ECC4B33A1BA7E8770001DEFF /* Debug */ = {
			isa = XCBuildConfiguration;
			buildSettings = {
				BUNDLE_LOADER = "$(TEST_HOST)";
				INFOPLIST_FILE = ProduceOsTests/Info.plist;
				LD_RUNPATH_SEARCH_PATHS = "$(inherited) @executable_path/Frameworks @loader_path/Frameworks";
				PRODUCT_BUNDLE_IDENTIFIER = com.github.grimcoder.ProduceOsTests;
				PRODUCT_NAME = "$(TARGET_NAME)";
				TEST_HOST = "$(BUILT_PRODUCTS_DIR)/ProduceOs.app/ProduceOs";
			};
			name = Debug;
		};
		ECC4B33B1BA7E8770001DEFF /* Release */ = {
			isa = XCBuildConfiguration;
			buildSettings = {
				BUNDLE_LOADER = "$(TEST_HOST)";
				INFOPLIST_FILE = ProduceOsTests/Info.plist;
				LD_RUNPATH_SEARCH_PATHS = "$(inherited) @executable_path/Frameworks @loader_path/Frameworks";
				PRODUCT_BUNDLE_IDENTIFIER = com.github.grimcoder.ProduceOsTests;
				PRODUCT_NAME = "$(TARGET_NAME)";
				TEST_HOST = "$(BUILT_PRODUCTS_DIR)/ProduceOs.app/ProduceOs";
			};
			name = Release;
		};
		ECC4B33D1BA7E8770001DEFF /* Debug */ = {
			isa = XCBuildConfiguration;
			buildSettings = {
				INFOPLIST_FILE = ProduceOsUITests/Info.plist;
				LD_RUNPATH_SEARCH_PATHS = "$(inherited) @executable_path/Frameworks @loader_path/Frameworks";
				PRODUCT_BUNDLE_IDENTIFIER = com.github.grimcoder.ProduceOsUITests;
				PRODUCT_NAME = "$(TARGET_NAME)";
				TEST_TARGET_NAME = ProduceOs;
				USES_XCTRUNNER = YES;
			};
			name = Debug;
		};
		ECC4B33E1BA7E8770001DEFF /* Release */ = {
			isa = XCBuildConfiguration;
			buildSettings = {
				INFOPLIST_FILE = ProduceOsUITests/Info.plist;
				LD_RUNPATH_SEARCH_PATHS = "$(inherited) @executable_path/Frameworks @loader_path/Frameworks";
				PRODUCT_BUNDLE_IDENTIFIER = com.github.grimcoder.ProduceOsUITests;
				PRODUCT_NAME = "$(TARGET_NAME)";
				TEST_TARGET_NAME = ProduceOs;
				USES_XCTRUNNER = YES;
			};
			name = Release;
		};
/* End XCBuildConfiguration section */

/* Begin XCConfigurationList section */
		ECC4B3071BA7E8770001DEFF /* Build configuration list for PBXProject "ProduceOs" */ = {
			isa = XCConfigurationList;
			buildConfigurations = (
				ECC4B3341BA7E8770001DEFF /* Debug */,
				ECC4B3351BA7E8770001DEFF /* Release */,
			);
			defaultConfigurationIsVisible = 0;
			defaultConfigurationName = Release;
		};
		ECC4B3361BA7E8770001DEFF /* Build configuration list for PBXNativeTarget "ProduceOs" */ = {
			isa = XCConfigurationList;
			buildConfigurations = (
				ECC4B3371BA7E8770001DEFF /* Debug */,
				ECC4B3381BA7E8770001DEFF /* Release */,
			);
			defaultConfigurationIsVisible = 0;
			defaultConfigurationName = Release;
		};
		ECC4B3391BA7E8770001DEFF /* Build configuration list for PBXNativeTarget "ProduceOsTests" */ = {
			isa = XCConfigurationList;
			buildConfigurations = (
				ECC4B33A1BA7E8770001DEFF /* Debug */,
				ECC4B33B1BA7E8770001DEFF /* Release */,
			);
			defaultConfigurationIsVisible = 0;
			defaultConfigurationName = Release;
		};
		ECC4B33C1BA7E8770001DEFF /* Build configuration list for PBXNativeTarget "ProduceOsUITests" */ = {
			isa = XCConfigurationList;
			buildConfigurations = (
				ECC4B33D1BA7E8770001DEFF /* Debug */,
				ECC4B33E1BA7E8770001DEFF /* Release */,
			);
			defaultConfigurationIsVisible = 0;
			defaultConfigurationName = Release;
		};
/* End XCConfigurationList section */
	};
	rootObject = ECC4B3041BA7E8770001DEFF /* Project object */;
}
